
Microsoft Visual Studio Solution File, Format Version 12.00
Project("{FAE04EC0-301F-11D3-BF4B-00C04F79EFBC}") = "core2angular5test", "core2angular5test\core2angular5test.csproj", "{361B45DA-C219-4291-B179-A8A20D6C3A16}"
EndProject
Global
	GlobalSection(SolutionConfigurationPlatforms) = preSolution
		Debug|Any CPU = Debug|Any CPU
		Release|Any CPU = Release|Any CPU
	EndGlobalSection
	GlobalSection(ProjectConfigurationPlatforms) = postSolution
		{361B45DA-C219-4291-B179-A8A20D6C3A16}.Debug|Any CPU.ActiveCfg = Debug|Any CPU
		{361B45DA-C219-4291-B179-A8A20D6C3A16}.Debug|Any CPU.Build.0 = Debug|Any CPU
		{361B45DA-C219-4291-B179-A8A20D6C3A16}.Release|Any CPU.ActiveCfg = Release|Any CPU
		{361B45DA-C219-4291-B179-A8A20D6C3A16}.Release|Any CPU.Build.0 = Release|Any CPU
	EndGlobalSection
EndGlobal
